github.com/UedaTakeyuki/compare v0.0.0-20221125001138-707873cbc2cb h1:vARzypZdKWbFRec1MyCRevS/7S1n6HAZfG1OSWAHokg=
github.com/UedaTakeyuki/compare v0.0.0-20221125001138-707873cbc2cb/go.mod h1:H09V+qagqRJdlYFnbAOkRiALo150CN1OY+chpl0UL5A=
github.com/UedaTakeyuki/message v0.0.0-20220208021737-e5bb9a4d704a h1:cJ2CVsLTkxU9K7MuDWZuIZVUKwubuy2WQpOl0qjt/7Y=
github.com/UedaTakeyuki/message v0.0.0-20220208021737-e5bb9a4d704a/go.mod h1:mF9B+XH11T1XbR8EtuPVwHnjoTUbYot132rJqjqFocI=
